
Microsoft Visual Studio Solution File, Format Version 12.00
# Visual Studio Version 17
VisualStudioVersion = 17.14.36408.4 d17.14
MinimumVisualStudioVersion = 10.0.40219.1
Project("{FAE04EC0-301F-11D3-BF4B-00C04F79EFBC}") = "ProjetoMedicamento", "ProjetoMedicamento\ProjetoMedicamento.csproj", "{8E993C27-ECEE-4DCF-B07B-8671D4267CCD}"
EndProject
Global
	GlobalSection(SolutionConfigurationPlatforms) = preSolution
		Debug|Any CPU = Debug|Any CPU
		Release|Any CPU = Release|Any CPU
	EndGlobalSection
	GlobalSection(ProjectConfigurationPlatforms) = postSolution
		{8E993C27-ECEE-4DCF-B07B-8671D4267CCD}.Debug|Any CPU.ActiveCfg = Debug|Any CPU
		{8E993C27-ECEE-4DCF-B07B-8671D4267CCD}.Debug|Any CPU.Build.0 = Debug|Any CPU
		{8E993C27-ECEE-4DCF-B07B-8671D4267CCD}.Release|Any CPU.ActiveCfg = Release|Any CPU
		{8E993C27-ECEE-4DCF-B07B-8671D4267CCD}.Release|Any CPU.Build.0 = Release|Any CPU
	EndGlobalSection
	GlobalSection(SolutionProperties) = preSolution
		HideSolutionNode = FALSE
	EndGlobalSection
	GlobalSection(ExtensibilityGlobals) = postSolution
		SolutionGuid = {1749C367-AB78-4AEF-9CB2-C4EBBA48CE26}
	EndGlobalSection
EndGlobal
